
Microsoft Visual Studio Solution File, Format Version 12.00
# Visual Studio Version 17
VisualStudioVersion = 17.9.34728.123
MinimumVisualStudioVersion = 10.0.40219.1
Project("{8BC9CEB8-8B4A-11D0-8D11-00A0C91BC942}") = "PDS_LAB_14", "PDS_LAB_14\PDS_LAB_14.vcxproj", "{A8638F1A-EF85-41A5-9F21-A51597071047}"
EndProject
Project("{8BC9CEB8-8B4A-11D0-8D11-00A0C91BC942}") = "UnitTest1", "UnitTest1\UnitTest1.vcxproj", "{B119DD1D-A619-4725-A7B8-2B913ADCB9E3}"
EndProject
Global
	GlobalSection(SolutionConfigurationPlatforms) = preSolution
		Debug|x64 = Debug|x64
		Debug|x86 = Debug|x86
		Release|x64 = Release|x64
		Release|x86 = Release|x86
	EndGlobalSection
	GlobalSection(ProjectConfigurationPlatforms) = postSolution
		{A8638F1A-EF85-41A5-9F21-A51597071047}.Debug|x64.ActiveCfg = Debug|x64
		{A8638F1A-EF85-41A5-9F21-A51597071047}.Debug|x64.Build.0 = Debug|x64
		{A8638F1A-EF85-41A5-9F21-A51597071047}.Debug|x86.ActiveCfg = Debug|Win32
		{A8638F1A-EF85-41A5-9F21-A51597071047}.Debug|x86.Build.0 = Debug|Win32
		{A8638F1A-EF85-41A5-9F21-A51597071047}.Release|x64.ActiveCfg = Release|x64
		{A8638F1A-EF85-41A5-9F21-A51597071047}.Release|x64.Build.0 = Release|x64
		{A8638F1A-EF85-41A5-9F21-A51597071047}.Release|x86.ActiveCfg = Release|Win32
		{A8638F1A-EF85-41A5-9F21-A51597071047}.Release|x86.Build.0 = Release|Win32
		{B119DD1D-A619-4725-A7B8-2B913ADCB9E3}.Debug|x64.ActiveCfg = Debug|x64
		{B119DD1D-A619-4725-A7B8-2B913ADCB9E3}.Debug|x64.Build.0 = Debug|x64
		{B119DD1D-A619-4725-A7B8-2B913ADCB9E3}.Debug|x86.ActiveCfg = Debug|Win32
		{B119DD1D-A619-4725-A7B8-2B913ADCB9E3}.Debug|x86.Build.0 = Debug|Win32
		{B119DD1D-A619-4725-A7B8-2B913ADCB9E3}.Release|x64.ActiveCfg = Release|x64
		{B119DD1D-A619-4725-A7B8-2B913ADCB9E3}.Release|x64.Build.0 = Release|x64
		{B119DD1D-A619-4725-A7B8-2B913ADCB9E3}.Release|x86.ActiveCfg = Release|Win32
		{B119DD1D-A619-4725-A7B8-2B913ADCB9E3}.Release|x86.Build.0 = Release|Win32
	EndGlobalSection
	GlobalSection(SolutionProperties) = preSolution
		HideSolutionNode = FALSE
	EndGlobalSection
	GlobalSection(ExtensibilityGlobals) = postSolution
		SolutionGuid = {59DF7CDD-8D69-46B2-BBA1-295D54036B71}
	EndGlobalSection
EndGlobal
